{
    "_readme": [
        "This file locks the dependencies of your project to a known state",
        "Read more about it at http://getcomposer.org/doc/01-basic-usage.md#composer-lock-the-lock-file"
    ],
    "hash": "7deb9fa74ae2fffe6cb86e8f4a0a1393",
    "packages": [
        {
            "name": "nikic/phlexy",
            "version": "dev-master",
            "source": {
                "type": "git",
                "url": "https://github.com/nikic/Phlexy.git",
                "reference": "8aba8cb05771bcc56c58f9699e0abd54ca128182"
            },
            "dist": {
                "type": "zip",
                "url": "https://api.github.com/repos/nikic/Phlexy/zipball/8aba8cb05771bcc56c58f9699e0abd54ca128182",
                "reference": "8aba8cb05771bcc56c58f9699e0abd54ca128182",
                "shasum": ""
            },
            "require": {
                "php": ">=5.3"
            },
            "type": "library",
            "extra": {
                "branch-alias": {
                    "dev-master": "1.0-dev"
                }
            },
            "autoload": {
                "psr-0": {
                    "Phlexy": "lib/"
                }
            },
            "notification-url": "https://packagist.org/downloads/",
            "license": [
                "BSD-3-Clause"
            ],
            "authors": [
                {
                    "name": "Nikita Popov"
                }
            ],
            "description": "Lexing experiments in PHP",
            "keywords": [
                "lexer",
                "php"
            ],
            "time": "2013-03-13 16:20:49"
        }
    ],
    "packages-dev": [
        {
            "name": "shaunxcode/edn-tests",
            "version": "dev-master",
            "source": {
                "type": "git",
                "url": "https://github.com/shaunxcode/edn-tests",
                "reference": "master"
            },
            "type": "library",
            "time": "2013-09-06 15:50:14"
        }
    ],
    "aliases": [

    ],
    "minimum-stability": "stable",
    "stability-flags": {
        "nikic/phlexy": 20,
        "shaunxcode/edn-tests": 20
    },
    "platform": {
        "php": ">=5.4.0"
    },
    "platform-dev": [

    ]
}
