{
    "_readme": [
        "This file locks the dependencies of your project to a known state",
        "Read more about it at http://getcomposer.org/doc/01-basic-usage.md#composer-lock-the-lock-file"
    ],
    "hash": "357d2ae0e5275ad5db47b4824604d80b",
    "packages": [
        {
            "name": "morrisonlevi/ardent",
            "version": "dev-master",
            "source": {
                "type": "git",
                "url": "https://github.com/morrisonlevi/Ardent.git",
                "reference": "6a78169fda14bef01605152b45be1bab69a72af5"
            },
            "dist": {
                "type": "zip",
                "url": "https://api.github.com/repos/morrisonlevi/Ardent/zipball/6a78169fda14bef01605152b45be1bab69a72af5",
                "reference": "6a78169fda14bef01605152b45be1bab69a72af5",
                "shasum": ""
            },
            "require": {
                "php": ">=5.4"
            },
            "type": "library",
            "extra": {
                "branch-alias": {
                    "dev-master": "0.6-dev"
                }
            },
            "autoload": {
                "psr-0": {
                    "Ardent": "src/"
                }
            },
            "notification-url": "https://packagist.org/downloads/",
            "license": [
                "MIT"
            ],
            "authors": [
                {
                    "name": "Levi Morrison",
                    "email": "levim@php.net",
                    "homepage": "http://morrisonlevi.github.com",
                    "role": "Developer"
                }
            ],
            "description": "A healthy library for PHP",
            "homepage": "https://github.com/morrisonlevi/Ardent",
            "keywords": [
                "ardent",
                "library",
                "php",
                "spl"
            ],
            "time": "2013-06-04 14:33:34"
        },
        {
            "name": "nikic/phlexy",
            "version": "dev-master",
            "source": {
                "type": "git",
                "url": "https://github.com/nikic/Phlexy.git",
                "reference": "8aba8cb05771bcc56c58f9699e0abd54ca128182"
            },
            "dist": {
                "type": "zip",
                "url": "https://api.github.com/repos/nikic/Phlexy/zipball/8aba8cb05771bcc56c58f9699e0abd54ca128182",
                "reference": "8aba8cb05771bcc56c58f9699e0abd54ca128182",
                "shasum": ""
            },
            "require": {
                "php": ">=5.3"
            },
            "type": "library",
            "extra": {
                "branch-alias": {
                    "dev-master": "1.0-dev"
                }
            },
            "autoload": {
                "psr-0": {
                    "Phlexy": "lib/"
                }
            },
            "notification-url": "https://packagist.org/downloads/",
            "license": [
                "BSD-3-Clause"
            ],
            "authors": [
                {
                    "name": "Nikita Popov"
                }
            ],
            "description": "Lexing experiments in PHP",
            "keywords": [
                "lexer",
                "php"
            ],
            "time": "2013-03-13 16:20:49"
        }
    ],
    "packages-dev": [
        {
            "name": "shaunxcode/edn-tests",
            "version": "dev-master",
            "source": {
                "type": "git",
                "url": "https://github.com/shaunxcode/edn-tests",
                "reference": "master"
            },
            "type": "library",
            "time": "2013-06-15 15:40:47"
        }
    ],
    "aliases": [

    ],
    "minimum-stability": "stable",
    "stability-flags": {
        "nikic/phlexy": 20,
        "morrisonlevi/ardent": 20,
        "shaunxcode/edn-tests": 20
    },
    "platform": {
        "php": ">=5.4.0"
    },
    "platform-dev": [

    ]
}
